
Microsoft Visual Studio Solution File, Format Version 12.00
# Visual Studio Version 17
VisualStudioVersion = 17.7.34031.279
MinimumVisualStudioVersion = 10.0.40219.1
Project("{FAE04EC0-301F-11D3-BF4B-00C04F79EFBC}") = "언어 특성 활용하기", "언어 특성 활용하기\언어 특성 활용하기.csproj", "{C70B18FB-B123-47EE-819B-1DE7C669D33A}"
EndProject
Global
	GlobalSection(SolutionConfigurationPlatforms) = preSolution
		Debug|Any CPU = Debug|Any CPU
		Release|Any CPU = Release|Any CPU
	EndGlobalSection
	GlobalSection(ProjectConfigurationPlatforms) = postSolution
		{C70B18FB-B123-47EE-819B-1DE7C669D33A}.Debug|Any CPU.ActiveCfg = Debug|Any CPU
		{C70B18FB-B123-47EE-819B-1DE7C669D33A}.Debug|Any CPU.Build.0 = Debug|Any CPU
		{C70B18FB-B123-47EE-819B-1DE7C669D33A}.Release|Any CPU.ActiveCfg = Release|Any CPU
		{C70B18FB-B123-47EE-819B-1DE7C669D33A}.Release|Any CPU.Build.0 = Release|Any CPU
	EndGlobalSection
	GlobalSection(SolutionProperties) = preSolution
		HideSolutionNode = FALSE
	EndGlobalSection
	GlobalSection(ExtensibilityGlobals) = postSolution
		SolutionGuid = {383C1205-81B4-42D9-B2F6-34B07A4FA806}
	EndGlobalSection
EndGlobal
